
Microsoft Visual Studio Solution File, Format Version 12.00
# Visual Studio Version 17
VisualStudioVersion = 17.0.32014.148
MinimumVisualStudioVersion = 10.0.40219.1
Project("{9A19103F-16F7-4668-BE54-9A1E7A4F7556}") = "Our.Iconic.Core", "Our.Iconic.Core\Our.Iconic.Core.csproj", "{4461A583-E561-4E6C-8983-2647116F51D9}"
EndProject
Project("{9A19103F-16F7-4668-BE54-9A1E7A4F7556}") = "Our.Iconic", "Our.Iconic\Our.Iconic.csproj", "{9E17796D-D73D-4781-BA3A-F05457C2C8DB}"
EndProject
Project("{FAE04EC0-301F-11D3-BF4B-00C04F79EFBC}") = "Our.Iconic.Web", "Our.Iconic.Web\Our.Iconic.Web.csproj", "{F92CDE0C-11C0-4311-8D99-FE130A6B6609}"
EndProject
Project("{FAE04EC0-301F-11D3-BF4B-00C04F79EFBC}") = "UmbracoV16", "UmbracoV16\UmbracoV16.csproj", "{FC447BFB-216F-4BC5-8398-FDC5619FDAA3}"
EndProject
Project("{FAE04EC0-301F-11D3-BF4B-00C04F79EFBC}") = "UmbracoV17", "UmbracoV17\UmbracoV17.csproj", "{FD7F01AD-3F5B-4D03-B306-59D6842DC981}"
EndProject
Global
	GlobalSection(SolutionConfigurationPlatforms) = preSolution
		Debug|Any CPU = Debug|Any CPU
		Debug|x64 = Debug|x64
		Debug|x86 = Debug|x86
		Release|Any CPU = Release|Any CPU
		Release|x64 = Release|x64
		Release|x86 = Release|x86
	EndGlobalSection
	GlobalSection(ProjectConfigurationPlatforms) = postSolution
		{4461A583-E561-4E6C-8983-2647116F51D9}.Debug|Any CPU.ActiveCfg = Debug|Any CPU
		{4461A583-E561-4E6C-8983-2647116F51D9}.Debug|Any CPU.Build.0 = Debug|Any CPU
		{4461A583-E561-4E6C-8983-2647116F51D9}.Debug|x64.ActiveCfg = Debug|Any CPU
		{4461A583-E561-4E6C-8983-2647116F51D9}.Debug|x64.Build.0 = Debug|Any CPU
		{4461A583-E561-4E6C-8983-2647116F51D9}.Debug|x86.ActiveCfg = Debug|Any CPU
		{4461A583-E561-4E6C-8983-2647116F51D9}.Debug|x86.Build.0 = Debug|Any CPU
		{4461A583-E561-4E6C-8983-2647116F51D9}.Release|Any CPU.ActiveCfg = Release|Any CPU
		{4461A583-E561-4E6C-8983-2647116F51D9}.Release|Any CPU.Build.0 = Release|Any CPU
		{4461A583-E561-4E6C-8983-2647116F51D9}.Release|x64.ActiveCfg = Release|Any CPU
		{4461A583-E561-4E6C-8983-2647116F51D9}.Release|x64.Build.0 = Release|Any CPU
		{4461A583-E561-4E6C-8983-2647116F51D9}.Release|x86.ActiveCfg = Release|Any CPU
		{4461A583-E561-4E6C-8983-2647116F51D9}.Release|x86.Build.0 = Release|Any CPU
		{9E17796D-D73D-4781-BA3A-F05457C2C8DB}.Debug|Any CPU.ActiveCfg = Debug|Any CPU
		{9E17796D-D73D-4781-BA3A-F05457C2C8DB}.Debug|Any CPU.Build.0 = Debug|Any CPU
		{9E17796D-D73D-4781-BA3A-F05457C2C8DB}.Debug|x64.ActiveCfg = Debug|Any CPU
		{9E17796D-D73D-4781-BA3A-F05457C2C8DB}.Debug|x64.Build.0 = Debug|Any CPU
		{9E17796D-D73D-4781-BA3A-F05457C2C8DB}.Debug|x86.ActiveCfg = Debug|Any CPU
		{9E17796D-D73D-4781-BA3A-F05457C2C8DB}.Debug|x86.Build.0 = Debug|Any CPU
		{9E17796D-D73D-4781-BA3A-F05457C2C8DB}.Release|Any CPU.ActiveCfg = Release|Any CPU
		{9E17796D-D73D-4781-BA3A-F05457C2C8DB}.Release|Any CPU.Build.0 = Release|Any CPU
		{9E17796D-D73D-4781-BA3A-F05457C2C8DB}.Release|x64.ActiveCfg = Release|Any CPU
		{9E17796D-D73D-4781-BA3A-F05457C2C8DB}.Release|x64.Build.0 = Release|Any CPU
		{9E17796D-D73D-4781-BA3A-F05457C2C8DB}.Release|x86.ActiveCfg = Release|Any CPU
		{9E17796D-D73D-4781-BA3A-F05457C2C8DB}.Release|x86.Build.0 = Release|Any CPU
		{F92CDE0C-11C0-4311-8D99-FE130A6B6609}.Debug|Any CPU.ActiveCfg = Debug|Any CPU
		{F92CDE0C-11C0-4311-8D99-FE130A6B6609}.Debug|Any CPU.Build.0 = Debug|Any CPU
		{F92CDE0C-11C0-4311-8D99-FE130A6B6609}.Debug|x64.ActiveCfg = Debug|Any CPU
		{F92CDE0C-11C0-4311-8D99-FE130A6B6609}.Debug|x64.Build.0 = Debug|Any CPU
		{F92CDE0C-11C0-4311-8D99-FE130A6B6609}.Debug|x86.ActiveCfg = Debug|Any CPU
		{F92CDE0C-11C0-4311-8D99-FE130A6B6609}.Debug|x86.Build.0 = Debug|Any CPU
		{F92CDE0C-11C0-4311-8D99-FE130A6B6609}.Release|Any CPU.ActiveCfg = Release|Any CPU
		{F92CDE0C-11C0-4311-8D99-FE130A6B6609}.Release|Any CPU.Build.0 = Release|Any CPU
		{F92CDE0C-11C0-4311-8D99-FE130A6B6609}.Release|x64.ActiveCfg = Release|Any CPU
		{F92CDE0C-11C0-4311-8D99-FE130A6B6609}.Release|x64.Build.0 = Release|Any CPU
		{F92CDE0C-11C0-4311-8D99-FE130A6B6609}.Release|x86.ActiveCfg = Release|Any CPU
		{F92CDE0C-11C0-4311-8D99-FE130A6B6609}.Release|x86.Build.0 = Release|Any CPU
		{FC447BFB-216F-4BC5-8398-FDC5619FDAA3}.Debug|Any CPU.ActiveCfg = Debug|Any CPU
		{FC447BFB-216F-4BC5-8398-FDC5619FDAA3}.Debug|Any CPU.Build.0 = Debug|Any CPU
		{FC447BFB-216F-4BC5-8398-FDC5619FDAA3}.Debug|x64.ActiveCfg = Debug|Any CPU
		{FC447BFB-216F-4BC5-8398-FDC5619FDAA3}.Debug|x64.Build.0 = Debug|Any CPU
		{FC447BFB-216F-4BC5-8398-FDC5619FDAA3}.Debug|x86.ActiveCfg = Debug|Any CPU
		{FC447BFB-216F-4BC5-8398-FDC5619FDAA3}.Debug|x86.Build.0 = Debug|Any CPU
		{FC447BFB-216F-4BC5-8398-FDC5619FDAA3}.Release|Any CPU.ActiveCfg = Release|Any CPU
		{FC447BFB-216F-4BC5-8398-FDC5619FDAA3}.Release|Any CPU.Build.0 = Release|Any CPU
		{FC447BFB-216F-4BC5-8398-FDC5619FDAA3}.Release|x64.ActiveCfg = Release|Any CPU
		{FC447BFB-216F-4BC5-8398-FDC5619FDAA3}.Release|x64.Build.0 = Release|Any CPU
		{FC447BFB-216F-4BC5-8398-FDC5619FDAA3}.Release|x86.ActiveCfg = Release|Any CPU
		{FC447BFB-216F-4BC5-8398-FDC5619FDAA3}.Release|x86.Build.0 = Release|Any CPU
		{FD7F01AD-3F5B-4D03-B306-59D6842DC981}.Debug|Any CPU.ActiveCfg = Debug|Any CPU
		{FD7F01AD-3F5B-4D03-B306-59D6842DC981}.Debug|Any CPU.Build.0 = Debug|Any CPU
		{FD7F01AD-3F5B-4D03-B306-59D6842DC981}.Debug|x64.ActiveCfg = Debug|Any CPU
		{FD7F01AD-3F5B-4D03-B306-59D6842DC981}.Debug|x64.Build.0 = Debug|Any CPU
		{FD7F01AD-3F5B-4D03-B306-59D6842DC981}.Debug|x86.ActiveCfg = Debug|Any CPU
		{FD7F01AD-3F5B-4D03-B306-59D6842DC981}.Debug|x86.Build.0 = Debug|Any CPU
		{FD7F01AD-3F5B-4D03-B306-59D6842DC981}.Release|Any CPU.ActiveCfg = Release|Any CPU
		{FD7F01AD-3F5B-4D03-B306-59D6842DC981}.Release|Any CPU.Build.0 = Release|Any CPU
		{FD7F01AD-3F5B-4D03-B306-59D6842DC981}.Release|x64.ActiveCfg = Release|Any CPU
		{FD7F01AD-3F5B-4D03-B306-59D6842DC981}.Release|x64.Build.0 = Release|Any CPU
		{FD7F01AD-3F5B-4D03-B306-59D6842DC981}.Release|x86.ActiveCfg = Release|Any CPU
		{FD7F01AD-3F5B-4D03-B306-59D6842DC981}.Release|x86.Build.0 = Release|Any CPU
	EndGlobalSection
	GlobalSection(SolutionProperties) = preSolution
		HideSolutionNode = FALSE
	EndGlobalSection
	GlobalSection(ExtensibilityGlobals) = postSolution
		SolutionGuid = {BDE0E8F4-1E7E-454D-A156-81E7E30256E7}
	EndGlobalSection
EndGlobal
